
Microsoft Visual Studio Solution File, Format Version 12.00
Project("{FAE04EC0-301F-11D3-BF4B-00C04F79EFBC}") = "AlgoGUI2", "AlgoGUI2.csproj", "{AC7D3422-D2DC-4596-930C-DD90E8FA67DC}"
EndProject
Global
	GlobalSection(SolutionConfigurationPlatforms) = preSolution
		Debug|Any CPU = Debug|Any CPU
		Release|Any CPU = Release|Any CPU
	EndGlobalSection
	GlobalSection(ProjectConfigurationPlatforms) = postSolution
		{AC7D3422-D2DC-4596-930C-DD90E8FA67DC}.Debug|Any CPU.ActiveCfg = Debug|Any CPU
		{AC7D3422-D2DC-4596-930C-DD90E8FA67DC}.Debug|Any CPU.Build.0 = Debug|Any CPU
		{AC7D3422-D2DC-4596-930C-DD90E8FA67DC}.Release|Any CPU.ActiveCfg = Release|Any CPU
		{AC7D3422-D2DC-4596-930C-DD90E8FA67DC}.Release|Any CPU.Build.0 = Release|Any CPU
	EndGlobalSection
EndGlobal
